
Microsoft Visual Studio Solution File, Format Version 12.00
# Visual Studio Version 17
VisualStudioVersion = 17.0.31903.59
MinimumVisualStudioVersion = 10.0.40219.1
Project("{FAE04EC0-301F-11D3-BF4B-00C04F79EFBC}") = "ReiDoLixo.Api", "ReiDoLixo.Api\ReiDoLixo.Api.csproj", "{BAE0399D-CA07-4347-991E-428998979F1D}"
EndProject
Project("{FAE04EC0-301F-11D3-BF4B-00C04F79EFBC}") = "ReiDoLixo.Client", "ReiDoLixo.Client\ReiDoLixo.Client.csproj", "{2FCC8DF9-AD3D-4651-A5D4-FD1F676D7CFA}"
EndProject
Global
	GlobalSection(SolutionConfigurationPlatforms) = preSolution
		Debug|Any CPU = Debug|Any CPU
		Debug|x64 = Debug|x64
		Debug|x86 = Debug|x86
		Release|Any CPU = Release|Any CPU
		Release|x64 = Release|x64
		Release|x86 = Release|x86
	EndGlobalSection
	GlobalSection(ProjectConfigurationPlatforms) = postSolution
		{BAE0399D-CA07-4347-991E-428998979F1D}.Debug|Any CPU.ActiveCfg = Debug|Any CPU
		{BAE0399D-CA07-4347-991E-428998979F1D}.Debug|Any CPU.Build.0 = Debug|Any CPU
		{BAE0399D-CA07-4347-991E-428998979F1D}.Debug|x64.ActiveCfg = Debug|Any CPU
		{BAE0399D-CA07-4347-991E-428998979F1D}.Debug|x64.Build.0 = Debug|Any CPU
		{BAE0399D-CA07-4347-991E-428998979F1D}.Debug|x86.ActiveCfg = Debug|Any CPU
		{BAE0399D-CA07-4347-991E-428998979F1D}.Debug|x86.Build.0 = Debug|Any CPU
		{BAE0399D-CA07-4347-991E-428998979F1D}.Release|Any CPU.ActiveCfg = Release|Any CPU
		{BAE0399D-CA07-4347-991E-428998979F1D}.Release|Any CPU.Build.0 = Release|Any CPU
		{BAE0399D-CA07-4347-991E-428998979F1D}.Release|x64.ActiveCfg = Release|Any CPU
		{BAE0399D-CA07-4347-991E-428998979F1D}.Release|x64.Build.0 = Release|Any CPU
		{BAE0399D-CA07-4347-991E-428998979F1D}.Release|x86.ActiveCfg = Release|Any CPU
		{BAE0399D-CA07-4347-991E-428998979F1D}.Release|x86.Build.0 = Release|Any CPU
		{2FCC8DF9-AD3D-4651-A5D4-FD1F676D7CFA}.Debug|Any CPU.ActiveCfg = Debug|Any CPU
		{2FCC8DF9-AD3D-4651-A5D4-FD1F676D7CFA}.Debug|Any CPU.Build.0 = Debug|Any CPU
		{2FCC8DF9-AD3D-4651-A5D4-FD1F676D7CFA}.Debug|x64.ActiveCfg = Debug|Any CPU
		{2FCC8DF9-AD3D-4651-A5D4-FD1F676D7CFA}.Debug|x64.Build.0 = Debug|Any CPU
		{2FCC8DF9-AD3D-4651-A5D4-FD1F676D7CFA}.Debug|x86.ActiveCfg = Debug|Any CPU
		{2FCC8DF9-AD3D-4651-A5D4-FD1F676D7CFA}.Debug|x86.Build.0 = Debug|Any CPU
		{2FCC8DF9-AD3D-4651-A5D4-FD1F676D7CFA}.Release|Any CPU.ActiveCfg = Release|Any CPU
		{2FCC8DF9-AD3D-4651-A5D4-FD1F676D7CFA}.Release|Any CPU.Build.0 = Release|Any CPU
		{2FCC8DF9-AD3D-4651-A5D4-FD1F676D7CFA}.Release|x64.ActiveCfg = Release|Any CPU
		{2FCC8DF9-AD3D-4651-A5D4-FD1F676D7CFA}.Release|x64.Build.0 = Release|Any CPU
		{2FCC8DF9-AD3D-4651-A5D4-FD1F676D7CFA}.Release|x86.ActiveCfg = Release|Any CPU
		{2FCC8DF9-AD3D-4651-A5D4-FD1F676D7CFA}.Release|x86.Build.0 = Release|Any CPU
	EndGlobalSection
	GlobalSection(SolutionProperties) = preSolution
		HideSolutionNode = FALSE
	EndGlobalSection
EndGlobal
